
Microsoft Visual Studio Solution File, Format Version 12.00
# Visual Studio Version 16
VisualStudioVersion = 16.0.30320.27
MinimumVisualStudioVersion = 10.0.40219.1
Project("{FAE04EC0-301F-11D3-BF4B-00C04F79EFBC}") = "API", "API\API.csproj", "{D587A410-A0DF-4D69-A99C-836EE696B88C}"
EndProject
Global
	GlobalSection(SolutionConfigurationPlatforms) = preSolution
		Debug|Any CPU = Debug|Any CPU
		Release|Any CPU = Release|Any CPU
	EndGlobalSection
	GlobalSection(ProjectConfigurationPlatforms) = postSolution
		{D587A410-A0DF-4D69-A99C-836EE696B88C}.Debug|Any CPU.ActiveCfg = Debug|Any CPU
		{D587A410-A0DF-4D69-A99C-836EE696B88C}.Debug|Any CPU.Build.0 = Debug|Any CPU
		{D587A410-A0DF-4D69-A99C-836EE696B88C}.Release|Any CPU.ActiveCfg = Release|Any CPU
		{D587A410-A0DF-4D69-A99C-836EE696B88C}.Release|Any CPU.Build.0 = Release|Any CPU
	EndGlobalSection
	GlobalSection(SolutionProperties) = preSolution
		HideSolutionNode = FALSE
	EndGlobalSection
	GlobalSection(ExtensibilityGlobals) = postSolution
		SolutionGuid = {D8A0E82D-F468-4EDD-A582-C995F1964EED}
	EndGlobalSection
EndGlobal
